{
  "lockfile_version": "1",
  "packages": {
    "yarn@latest": {
      "last_modified": "2025-07-28T17:09:23Z",
      "resolved": "github:NixOS/nixpkgs/648f70160c03151bc2121d179291337ad6bc564b#yarn",
      "source": "devbox-search",
      "version": "1.22.22",
      "systems": {
        "aarch64-darwin": {
          "outputs": [
            {
              "name": "out",
              "path": "/nix/store/2hb4yl033wym7imkbzydgxfyfn5r8024-yarn-1.22.22",
              "default": true
            }
          ],
          "store_path": "/nix/store/2hb4yl033wym7imkbzydgxfyfn5r8024-yarn-1.22.22"
        },
        "aarch64-linux": {
          "outputs": [
            {
              "name": "out",
              "path": "/nix/store/7ibx5w03lkpfrab4isvndqxnx4g3w0h6-yarn-1.22.22",
              "default": true
            }
          ],
          "store_path": "/nix/store/7ibx5w03lkpfrab4isvndqxnx4g3w0h6-yarn-1.22.22"
        },
        "x86_64-darwin": {
          "outputs": [
            {
              "name": "out",
              "path": "/nix/store/0khfcbpw9vhq2lz9nf6mgnsz2fw365x7-yarn-1.22.22",
              "default": true
            }
          ],
          "store_path": "/nix/store/0khfcbpw9vhq2lz9nf6mgnsz2fw365x7-yarn-1.22.22"
        },
        "x86_64-linux": {
          "outputs": [
            {
              "name": "out",
              "path": "/nix/store/99i6m5dmg2q0g44b0gpmwz92g00wk7ma-yarn-1.22.22",
              "default": true
            }
          ],
          "store_path": "/nix/store/99i6m5dmg2q0g44b0gpmwz92g00wk7ma-yarn-1.22.22"
        }
      }
    }
  }
}
