# THIS IS AN AUTOGENERATED FILE. DO NOT EDIT THIS FILE DIRECTLY.
# yarn lockfile v1


crypto-js@^4.2.0:
  version "4.2.0"
  resolved "https://registry.npmjs.org/crypto-js/-/crypto-js-4.2.0.tgz"
  integrity sha512-KALDyEYgpY+Rlob/iriUtjV6d5Eq+Y191A5g4UqLAi8CyGP9N1+FdVbkc1SxKc2r4YAYqG8JzO2KGL+AizD70Q==

jwt-decode@^3.1.2:
  version "3.1.2"
  resolved "https://registry.yarnpkg.com/jwt-decode/-/jwt-decode-3.1.2.tgz#3fb319f3675a2df0c2895c8f5e9fa4b67b04ed59"
  integrity sha512-UfpWE/VZn0iP50d8cz9NrZLM9lSWhcJ+0Gt/nm4by88UL+J1SiKN8/5dkjMmbEzwL2CAe+67GsegCbIKtbp75A==

oidc-client-ts@^2.4.0:
  version "2.4.0"
  resolved "https://registry.yarnpkg.com/oidc-client-ts/-/oidc-client-ts-2.4.0.tgz#764c8a33de542026e2798de9849ce8049047d7e5"
  integrity sha512-WijhkTrlXK2VvgGoakWJiBdfIsVGz6CFzgjNNqZU1hPKV2kyeEaJgLs7RwuiSp2WhLfWBQuLvr2SxVlZnk3N1w==
  dependencies:
    crypto-js "^4.2.0"
    jwt-decode "^3.1.2"

typescript@^5.3.3:
  version "5.3.3"
  resolved "https://registry.npmjs.org/typescript/-/typescript-5.3.3.tgz"
  integrity sha512-pXWcraxM0uxAS+tN0AG/BF2TyqmHO014Z070UsJ+pFvYuRSq8KH8DmWpnbXe0pEPDHXZV3FcAbJkijJ5oNEnWw==
