# THIS IS AN AUTOGENERATED FILE. DO NOT EDIT THIS FILE DIRECTLY.
# yarn lockfile v1


jwt-decode@^4.0.0:
  version "4.0.0"
  resolved "https://registry.yarnpkg.com/jwt-decode/-/jwt-decode-4.0.0.tgz#2270352425fd413785b2faf11f6e755c5151bd4b"
  integrity sha512-+KJGIyHgkGuIq3IEBNftfhW/LfWhXUIY6OmyVWjliu5KH1y0fw7VQ8YndE2O4qZdMSd9SqbnC8GOcZEy0Om7sA==

oidc-client-ts@^3.3.0:
  version "3.3.0"
  resolved "https://registry.yarnpkg.com/oidc-client-ts/-/oidc-client-ts-3.3.0.tgz#98a12e643b930825fb141634974e139d804ef972"
  integrity sha512-t13S540ZwFOEZKLYHJwSfITugupW4uYLwuQSSXyKH/wHwZ+7FvgHE7gnNJh1YQIZ1Yd1hKSRjqeXGSUtS0r9JA==
  dependencies:
    jwt-decode "^4.0.0"

typescript@^5.3.3:
  version "5.9.2"
  resolved "https://registry.yarnpkg.com/typescript/-/typescript-5.9.2.tgz#d93450cddec5154a2d5cabe3b8102b83316fb2a6"
  integrity sha512-CWBzXQrc/qOkhidw1OzBTQuYRbfyxDXJMVJ1XNwUHGROVmuaeiEm3OslpZ1RV96d7SKKjZKrSJu3+t/xlw3R9A==
